
Microsoft Visual Studio Solution File, Format Version 12.00
# Visual Studio 15
VisualStudioVersion = 15.0.27703.2000
MinimumVisualStudioVersion = 10.0.40219.1
Project("{FAE04EC0-301F-11D3-BF4B-00C04F79EFBC}") = "Simon.MVC", "Simon.MVC\Simon.MVC.csproj", "{36E638E2-1638-4978-BF68-A6CC8032450B}"
EndProject
Project("{FAE04EC0-301F-11D3-BF4B-00C04F79EFBC}") = "Simon.MVC.Demo", "Simon.MVC.Demo\Simon.MVC.Demo.csproj", "{4E59C91F-0826-445C-9F5B-FCD5C3C7C510}"
EndProject
Global
	GlobalSection(SolutionConfigurationPlatforms) = preSolution
		Debug|Any CPU = Debug|Any CPU
		Release|Any CPU = Release|Any CPU
	EndGlobalSection
	GlobalSection(ProjectConfigurationPlatforms) = postSolution
		{36E638E2-1638-4978-BF68-A6CC8032450B}.Debug|Any CPU.ActiveCfg = Debug|Any CPU
		{36E638E2-1638-4978-BF68-A6CC8032450B}.Debug|Any CPU.Build.0 = Debug|Any CPU
		{36E638E2-1638-4978-BF68-A6CC8032450B}.Release|Any CPU.ActiveCfg = Release|Any CPU
		{36E638E2-1638-4978-BF68-A6CC8032450B}.Release|Any CPU.Build.0 = Release|Any CPU
		{4E59C91F-0826-445C-9F5B-FCD5C3C7C510}.Debug|Any CPU.ActiveCfg = Debug|Any CPU
		{4E59C91F-0826-445C-9F5B-FCD5C3C7C510}.Debug|Any CPU.Build.0 = Debug|Any CPU
		{4E59C91F-0826-445C-9F5B-FCD5C3C7C510}.Release|Any CPU.ActiveCfg = Release|Any CPU
		{4E59C91F-0826-445C-9F5B-FCD5C3C7C510}.Release|Any CPU.Build.0 = Release|Any CPU
	EndGlobalSection
	GlobalSection(SolutionProperties) = preSolution
		HideSolutionNode = FALSE
	EndGlobalSection
	GlobalSection(ExtensibilityGlobals) = postSolution
		SolutionGuid = {D013CC7D-4075-47A5-9B54-36FE0269B84A}
	EndGlobalSection
EndGlobal
